
Microsoft Visual Studio Solution File, Format Version 12.00
# Visual Studio 2012
Project("{FAE04EC0-301F-11D3-BF4B-00C04F79EFBC}") = "EncoreSampleApp", "EncoreSampleApp\EncoreSampleApp.csproj", "{BEE22FB9-27BB-4D16-815E-7AD84DAF1B2E}"
EndProject
Global
	GlobalSection(SolutionConfigurationPlatforms) = preSolution
		Debug|Any CPU = Debug|Any CPU
		Release|Any CPU = Release|Any CPU
	EndGlobalSection
	GlobalSection(ProjectConfigurationPlatforms) = postSolution
		{BEE22FB9-27BB-4D16-815E-7AD84DAF1B2E}.Debug|Any CPU.ActiveCfg = Debug|Any CPU
		{BEE22FB9-27BB-4D16-815E-7AD84DAF1B2E}.Debug|Any CPU.Build.0 = Debug|Any CPU
		{BEE22FB9-27BB-4D16-815E-7AD84DAF1B2E}.Debug|Any CPU.Deploy.0 = Debug|Any CPU
		{BEE22FB9-27BB-4D16-815E-7AD84DAF1B2E}.Release|Any CPU.ActiveCfg = Release|Any CPU
		{BEE22FB9-27BB-4D16-815E-7AD84DAF1B2E}.Release|Any CPU.Build.0 = Release|Any CPU
		{BEE22FB9-27BB-4D16-815E-7AD84DAF1B2E}.Release|Any CPU.Deploy.0 = Release|Any CPU
	EndGlobalSection
	GlobalSection(SolutionProperties) = preSolution
		HideSolutionNode = FALSE
	EndGlobalSection
EndGlobal
